
Microsoft Visual Studio Solution File, Format Version 12.00
# Visual Studio Version 16
VisualStudioVersion = 16.0.29230.47
MinimumVisualStudioVersion = 10.0.40219.1
Project("{FAE04EC0-301F-11D3-BF4B-00C04F79EFBC}") = "Get_and_Set", "Get_and_Set\Get_and_Set.csproj", "{75B503B5-7198-42C9-AA05-68A59910E876}"
EndProject
Global
	GlobalSection(SolutionConfigurationPlatforms) = preSolution
		Debug|Any CPU = Debug|Any CPU
		Release|Any CPU = Release|Any CPU
	EndGlobalSection
	GlobalSection(ProjectConfigurationPlatforms) = postSolution
		{75B503B5-7198-42C9-AA05-68A59910E876}.Debug|Any CPU.ActiveCfg = Debug|Any CPU
		{75B503B5-7198-42C9-AA05-68A59910E876}.Debug|Any CPU.Build.0 = Debug|Any CPU
		{75B503B5-7198-42C9-AA05-68A59910E876}.Release|Any CPU.ActiveCfg = Release|Any CPU
		{75B503B5-7198-42C9-AA05-68A59910E876}.Release|Any CPU.Build.0 = Release|Any CPU
	EndGlobalSection
	GlobalSection(SolutionProperties) = preSolution
		HideSolutionNode = FALSE
	EndGlobalSection
	GlobalSection(ExtensibilityGlobals) = postSolution
		SolutionGuid = {51DFBA9F-22A7-4975-9EEE-B2F1C5098025}
	EndGlobalSection
EndGlobal
